// !$*UTF8*$!
{
	archiveVersion = 1;
	classes = {
	};
	objectVersion = 50;
	objects = {

/* Begin PBXBuildFile section */
		628FDC8320F3858C004F52CF /* AppDelegate.swift in Sources */ = {isa = PBXBuildFile; fileRef = 628FDC8220F3858C004F52CF /* AppDelegate.swift */; };
		628FDC8520F3858C004F52CF /* ViewController.swift in Sources */ = {isa = PBXBuildFile; fileRef = 628FDC8420F3858C004F52CF /* ViewController.swift */; };
		628FDC8820F3858C004F52CF /* Main.storyboard in Resources */ = {isa = PBXBuildFile; fileRef = 628FDC8620F3858C004F52CF /* Main.storyboard */; };
		628FDC8A20F3858F004F52CF /* Assets.xcassets in Resources */ = {isa = PBXBuildFile; fileRef = 628FDC8920F3858F004F52CF /* Assets.xcassets */; };
		628FDC8D20F3858F004F52CF /* LaunchScreen.storyboard in Resources */ = {isa = PBXBuildFile; fileRef = 628FDC8B20F3858F004F52CF /* LaunchScreen.storyboard */; };
		628FDC9820F3858F004F52CF /* SampleProjectTests.swift in Sources */ = {isa = PBXBuildFile; fileRef = 628FDC9720F3858F004F52CF /* SampleProjectTests.swift */; };
		628FDCA620F38883004F52CF /* NavigationNode.swift in Sources */ = {isa = PBXBuildFile; fileRef = 628FDCA520F38883004F52CF /* NavigationNode.swift */; };
/* End PBXBuildFile section */

/* Begin PBXContainerItemProxy section */
		628FDC9420F3858F004F52CF /* PBXContainerItemProxy */ = {
			isa = PBXContainerItemProxy;
			containerPortal = 628FDC7720F3858C004F52CF /* Project object */;
			proxyType = 1;
			remoteGlobalIDString = 628FDC7E20F3858C004F52CF;
			remoteInfo = SampleProject;
		};
/* End PBXContainerItemProxy section */

/* Begin PBXFileReference section */
		628FDC7F20F3858C004F52CF /* SampleProject.app */ = {isa = PBXFileReference; explicitFileType = wrapper.application; includeInIndex = 0; path = SampleProject.app; sourceTree = BUILT_PRODUCTS_DIR; };
		628FDC8220F3858C004F52CF /* AppDelegate.swift */ = {isa = PBXFileReference; lastKnownFileType = sourcecode.swift; path = AppDelegate.swift; sourceTree = "<group>"; };
		628FDC8420F3858C004F52CF /* ViewController.swift */ = {isa = PBXFileReference; lastKnownFileType = sourcecode.swift; path = ViewController.swift; sourceTree = "<group>"; };
		628FDC8720F3858C004F52CF /* Base */ = {isa = PBXFileReference; lastKnownFileType = file.storyboard; name = Base; path = Base.lproj/Main.storyboard; sourceTree = "<group>"; };
		628FDC8920F3858F004F52CF /* Assets.xcassets */ = {isa = PBXFileReference; lastKnownFileType = folder.assetcatalog; path = Assets.xcassets; sourceTree = "<group>"; };
		628FDC8C20F3858F004F52CF /* Base */ = {isa = PBXFileReference; lastKnownFileType = file.storyboard; name = Base; path = Base.lproj/LaunchScreen.storyboard; sourceTree = "<group>"; };
		628FDC8E20F3858F004F52CF /* Info.plist */ = {isa = PBXFileReference; lastKnownFileType = text.plist.xml; path = Info.plist; sourceTree = "<group>"; };
		628FDC9320F3858F004F52CF /* SampleProjectTests.xctest */ = {isa = PBXFileReference; explicitFileType = wrapper.cfbundle; includeInIndex = 0; path = SampleProjectTests.xctest; sourceTree = BUILT_PRODUCTS_DIR; };
		628FDC9720F3858F004F52CF /* SampleProjectTests.swift */ = {isa = PBXFileReference; lastKnownFileType = sourcecode.swift; path = SampleProjectTests.swift; sourceTree = "<group>"; };
		628FDC9920F3858F004F52CF /* Info.plist */ = {isa = PBXFileReference; lastKnownFileType = text.plist.xml; path = Info.plist; sourceTree = "<group>"; };
		628FDCA520F38883004F52CF /* NavigationNode.swift */ = {isa = PBXFileReference; lastKnownFileType = sourcecode.swift; path = NavigationNode.swift; sourceTree = "<group>"; };
/* End PBXFileReference section */

/* Begin PBXFrameworksBuildPhase section */
		628FDC7C20F3858C004F52CF /* Frameworks */ = {
			isa = PBXFrameworksBuildPhase;
			buildActionMask = 2147483647;
			files = (
			);
			runOnlyForDeploymentPostprocessing = 0;
		};
		628FDC9020F3858F004F52CF /* Frameworks */ = {
			isa = PBXFrameworksBuildPhase;
			buildActionMask = 2147483647;
			files = (
			);
			runOnlyForDeploymentPostprocessing = 0;
		};
/* End PBXFrameworksBuildPhase section */

/* Begin PBXGroup section */
		628FDC7620F3858C004F52CF = {
			isa = PBXGroup;
			children = (
				628FDC8120F3858C004F52CF /* SampleProject */,
				628FDC9620F3858F004F52CF /* SampleProjectTests */,
				628FDC8020F3858C004F52CF /* Products */,
			);
			sourceTree = "<group>";
		};
		628FDC8020F3858C004F52CF /* Products */ = {
			isa = PBXGroup;
			children = (
				628FDC7F20F3858C004F52CF /* SampleProject.app */,
				628FDC9320F3858F004F52CF /* SampleProjectTests.xctest */,
			);
			name = Products;
			sourceTree = "<group>";
		};
		628FDC8120F3858C004F52CF /* SampleProject */ = {
			isa = PBXGroup;
			children = (
				628FDC8220F3858C004F52CF /* AppDelegate.swift */,
				628FDC8420F3858C004F52CF /* ViewController.swift */,
				628FDCA520F38883004F52CF /* NavigationNode.swift */,
				628FDC8620F3858C004F52CF /* Main.storyboard */,
				628FDC8920F3858F004F52CF /* Assets.xcassets */,
				628FDC8B20F3858F004F52CF /* LaunchScreen.storyboard */,
				628FDC8E20F3858F004F52CF /* Info.plist */,
			);
			path = SampleProject;
			sourceTree = "<group>";
		};
		628FDC9620F3858F004F52CF /* SampleProjectTests */ = {
			isa = PBXGroup;
			children = (
				628FDC9720F3858F004F52CF /* SampleProjectTests.swift */,
				628FDC9920F3858F004F52CF /* Info.plist */,
			);
			path = SampleProjectTests;
			sourceTree = "<group>";
		};
/* End PBXGroup section */

/* Begin PBXNativeTarget section */
		628FDC7E20F3858C004F52CF /* SampleProject */ = {
			isa = PBXNativeTarget;
			buildConfigurationList = 628FDC9C20F3858F004F52CF /* Build configuration list for PBXNativeTarget "SampleProject" */;
			buildPhases = (
				628FDCA220F3859E004F52CF /* ShellScript */,
				628FDC7B20F3858C004F52CF /* Sources */,
				628FDC7C20F3858C004F52CF /* Frameworks */,
				628FDC7D20F3858C004F52CF /* Resources */,
			);
			buildRules = (
			);
			dependencies = (
			);
			name = SampleProject;
			productName = SampleProject;
			productReference = 628FDC7F20F3858C004F52CF /* SampleProject.app */;
			productType = "com.apple.product-type.application";
		};
		628FDC9220F3858F004F52CF /* SampleProjectTests */ = {
			isa = PBXNativeTarget;
			buildConfigurationList = 628FDC9F20F3858F004F52CF /* Build configuration list for PBXNativeTarget "SampleProjectTests" */;
			buildPhases = (
				628FDC8F20F3858F004F52CF /* Sources */,
				628FDC9020F3858F004F52CF /* Frameworks */,
				628FDC9120F3858F004F52CF /* Resources */,
			);
			buildRules = (
			);
			dependencies = (
				628FDC9520F3858F004F52CF /* PBXTargetDependency */,
			);
			name = SampleProjectTests;
			productName = SampleProjectTests;
			productReference = 628FDC9320F3858F004F52CF /* SampleProjectTests.xctest */;
			productType = "com.apple.product-type.bundle.unit-test";
		};
/* End PBXNativeTarget section */

/* Begin PBXProject section */
		628FDC7720F3858C004F52CF /* Project object */ = {
			isa = PBXProject;
			attributes = {
				LastSwiftUpdateCheck = 1000;
				LastUpgradeCheck = 1000;
				ORGANIZATIONNAME = Softvision;
				TargetAttributes = {
					628FDC7E20F3858C004F52CF = {
						CreatedOnToolsVersion = 10.0;
					};
					628FDC9220F3858F004F52CF = {
						CreatedOnToolsVersion = 10.0;
						TestTargetID = 628FDC7E20F3858C004F52CF;
					};
				};
			};
			buildConfigurationList = 628FDC7A20F3858C004F52CF /* Build configuration list for PBXProject "SampleProject" */;
			compatibilityVersion = "Xcode 9.3";
			developmentRegion = en;
			hasScannedForEncodings = 0;
			knownRegions = (
				en,
				Base,
			);
			mainGroup = 628FDC7620F3858C004F52CF;
			productRefGroup = 628FDC8020F3858C004F52CF /* Products */;
			projectDirPath = "";
			projectRoot = "";
			targets = (
				628FDC7E20F3858C004F52CF /* SampleProject */,
				628FDC9220F3858F004F52CF /* SampleProjectTests */,
			);
		};
/* End PBXProject section */

/* Begin PBXResourcesBuildPhase section */
		628FDC7D20F3858C004F52CF /* Resources */ = {
			isa = PBXResourcesBuildPhase;
			buildActionMask = 2147483647;
			files = (
				628FDC8D20F3858F004F52CF /* LaunchScreen.storyboard in Resources */,
				628FDC8A20F3858F004F52CF /* Assets.xcassets in Resources */,
				628FDC8820F3858C004F52CF /* Main.storyboard in Resources */,
			);
			runOnlyForDeploymentPostprocessing = 0;
		};
		628FDC9120F3858F004F52CF /* Resources */ = {
			isa = PBXResourcesBuildPhase;
			buildActionMask = 2147483647;
			files = (
			);
			runOnlyForDeploymentPostprocessing = 0;
		};
/* End PBXResourcesBuildPhase section */

/* Begin PBXShellScriptBuildPhase section */
		628FDCA220F3859E004F52CF /* ShellScript */ = {
			isa = PBXShellScriptBuildPhase;
			buildActionMask = 2147483647;
			files = (
			);
			inputFileListPaths = (
			);
			inputPaths = (
				"$(SRCROOT)/SampleProject/Base.lproj/Main.storyboard",
			);
			outputFileListPaths = (
			);
			outputPaths = (
				$SRCROOT/SampleProject/NavigationNode.swift,
			);
			runOnlyForDeploymentPostprocessing = 0;
			shellPath = /bin/sh;
			shellScript = "# Type a script or drag a script file from your workspace to insert its path.\nchflags nouchg $SCRIPT_OUTPUT_FILE_0\n$SRCROOT/../../script/ParseStoryboards.swift\nchflags uchg $SCRIPT_OUTPUT_FILE_0\n";
		};
/* End PBXShellScriptBuildPhase section */

/* Begin PBXSourcesBuildPhase section */
		628FDC7B20F3858C004F52CF /* Sources */ = {
			isa = PBXSourcesBuildPhase;
			buildActionMask = 2147483647;
			files = (
				628FDC8520F3858C004F52CF /* ViewController.swift in Sources */,
				628FDCA620F38883004F52CF /* NavigationNode.swift in Sources */,
				628FDC8320F3858C004F52CF /* AppDelegate.swift in Sources */,
			);
			runOnlyForDeploymentPostprocessing = 0;
		};
		628FDC8F20F3858F004F52CF /* Sources */ = {
			isa = PBXSourcesBuildPhase;
			buildActionMask = 2147483647;
			files = (
				628FDC9820F3858F004F52CF /* SampleProjectTests.swift in Sources */,
			);
			runOnlyForDeploymentPostprocessing = 0;
		};
/* End PBXSourcesBuildPhase section */

/* Begin PBXTargetDependency section */
		628FDC9520F3858F004F52CF /* PBXTargetDependency */ = {
			isa = PBXTargetDependency;
			target = 628FDC7E20F3858C004F52CF /* SampleProject */;
			targetProxy = 628FDC9420F3858F004F52CF /* PBXContainerItemProxy */;
		};
/* End PBXTargetDependency section */

/* Begin PBXVariantGroup section */
		628FDC8620F3858C004F52CF /* Main.storyboard */ = {
			isa = PBXVariantGroup;
			children = (
				628FDC8720F3858C004F52CF /* Base */,
			);
			name = Main.storyboard;
			sourceTree = "<group>";
		};
		628FDC8B20F3858F004F52CF /* LaunchScreen.storyboard */ = {
			isa = PBXVariantGroup;
			children = (
				628FDC8C20F3858F004F52CF /* Base */,
			);
			name = LaunchScreen.storyboard;
			sourceTree = "<group>";
		};
/* End PBXVariantGroup section */

/* Begin XCBuildConfiguration section */
		628FDC9A20F3858F004F52CF /* Debug */ = {
			isa = XCBuildConfiguration;
			buildSettings = {
				ALWAYS_SEARCH_USER_PATHS = NO;
				CLANG_ANALYZER_NONNULL = YES;
				CLANG_ANALYZER_NUMBER_OBJECT_CONVERSION = YES_AGGRESSIVE;
				CLANG_CXX_LANGUAGE_STANDARD = "gnu++14";
				CLANG_CXX_LIBRARY = "libc++";
				CLANG_ENABLE_MODULES = YES;
				CLANG_ENABLE_OBJC_ARC = YES;
				CLANG_ENABLE_OBJC_WEAK = YES;
				CLANG_WARN_BLOCK_CAPTURE_AUTORELEASING = YES;
				CLANG_WARN_BOOL_CONVERSION = YES;
				CLANG_WARN_COMMA = YES;
				CLANG_WARN_CONSTANT_CONVERSION = YES;
				CLANG_WARN_DEPRECATED_OBJC_IMPLEMENTATIONS = YES;
				CLANG_WARN_DIRECT_OBJC_ISA_USAGE = YES_ERROR;
				CLANG_WARN_DOCUMENTATION_COMMENTS = YES;
				CLANG_WARN_EMPTY_BODY = YES;
				CLANG_WARN_ENUM_CONVERSION = YES;
				CLANG_WARN_INFINITE_RECURSION = YES;
				CLANG_WARN_INT_CONVERSION = YES;
				CLANG_WARN_NON_LITERAL_NULL_CONVERSION = YES;
				CLANG_WARN_OBJC_IMPLICIT_RETAIN_SELF = YES;
				CLANG_WARN_OBJC_LITERAL_CONVERSION = YES;
				CLANG_WARN_OBJC_ROOT_CLASS = YES_ERROR;
				CLANG_WARN_RANGE_LOOP_ANALYSIS = YES;
				CLANG_WARN_STRICT_PROTOTYPES = YES;
				CLANG_WARN_SUSPICIOUS_MOVE = YES;
				CLANG_WARN_UNGUARDED_AVAILABILITY = YES_AGGRESSIVE;
				CLANG_WARN_UNREACHABLE_CODE = YES;
				CLANG_WARN__DUPLICATE_METHOD_MATCH = YES;
				CODE_SIGN_IDENTITY = "iPhone Developer";
				COPY_PHASE_STRIP = NO;
				DEBUG_INFORMATION_FORMAT = dwarf;
				ENABLE_STRICT_OBJC_MSGSEND = YES;
				ENABLE_TESTABILITY = YES;
				GCC_C_LANGUAGE_STANDARD = gnu11;
				GCC_DYNAMIC_NO_PIC = NO;
				GCC_NO_COMMON_BLOCKS = YES;
				GCC_OPTIMIZATION_LEVEL = 0;
				GCC_PREPROCESSOR_DEFINITIONS = (
					"DEBUG=1",
					"$(inherited)",
				);
				GCC_WARN_64_TO_32_BIT_CONVERSION = YES;
				GCC_WARN_ABOUT_RETURN_TYPE = YES_ERROR;
				GCC_WARN_UNDECLARED_SELECTOR = YES;
				GCC_WARN_UNINITIALIZED_AUTOS = YES_AGGRESSIVE;
				GCC_WARN_UNUSED_FUNCTION = YES;
				GCC_WARN_UNUSED_VARIABLE = YES;
				IPHONEOS_DEPLOYMENT_TARGET = 12.0;
				MTL_ENABLE_DEBUG_INFO = INCLUDE_SOURCE;
				ONLY_ACTIVE_ARCH = YES;
				SDKROOT = iphoneos;
				SWIFT_ACTIVE_COMPILATION_CONDITIONS = DEBUG;
				SWIFT_OPTIMIZATION_LEVEL = "-Onone";
			};
			name = Debug;
		};
		628FDC9B20F3858F004F52CF /* Release */ = {
			isa = XCBuildConfiguration;
			buildSettings = {
				ALWAYS_SEARCH_USER_PATHS = NO;
				CLANG_ANALYZER_NONNULL = YES;
				CLANG_ANALYZER_NUMBER_OBJECT_CONVERSION = YES_AGGRESSIVE;
				CLANG_CXX_LANGUAGE_STANDARD = "gnu++14";
				CLANG_CXX_LIBRARY = "libc++";
				CLANG_ENABLE_MODULES = YES;
				CLANG_ENABLE_OBJC_ARC = YES;
				CLANG_ENABLE_OBJC_WEAK = YES;
				CLANG_WARN_BLOCK_CAPTURE_AUTORELEASING = YES;
				CLANG_WARN_BOOL_CONVERSION = YES;
				CLANG_WARN_COMMA = YES;
				CLANG_WARN_CONSTANT_CONVERSION = YES;
				CLANG_WARN_DEPRECATED_OBJC_IMPLEMENTATIONS = YES;
				CLANG_WARN_DIRECT_OBJC_ISA_USAGE = YES_ERROR;
				CLANG_WARN_DOCUMENTATION_COMMENTS = YES;
				CLANG_WARN_EMPTY_BODY = YES;
				CLANG_WARN_ENUM_CONVERSION = YES;
				CLANG_WARN_INFINITE_RECURSION = YES;
				CLANG_WARN_INT_CONVERSION = YES;
				CLANG_WARN_NON_LITERAL_NULL_CONVERSION = YES;
				CLANG_WARN_OBJC_IMPLICIT_RETAIN_SELF = YES;
				CLANG_WARN_OBJC_LITERAL_CONVERSION = YES;
				CLANG_WARN_OBJC_ROOT_CLASS = YES_ERROR;
				CLANG_WARN_RANGE_LOOP_ANALYSIS = YES;
				CLANG_WARN_STRICT_PROTOTYPES = YES;
				CLANG_WARN_SUSPICIOUS_MOVE = YES;
				CLANG_WARN_UNGUARDED_AVAILABILITY = YES_AGGRESSIVE;
				CLANG_WARN_UNREACHABLE_CODE = YES;
				CLANG_WARN__DUPLICATE_METHOD_MATCH = YES;
				CODE_SIGN_IDENTITY = "iPhone Developer";
				COPY_PHASE_STRIP = NO;
				DEBUG_INFORMATION_FORMAT = "dwarf-with-dsym";
				ENABLE_NS_ASSERTIONS = NO;
				ENABLE_STRICT_OBJC_MSGSEND = YES;
				GCC_C_LANGUAGE_STANDARD = gnu11;
				GCC_NO_COMMON_BLOCKS = YES;
				GCC_WARN_64_TO_32_BIT_CONVERSION = YES;
				GCC_WARN_ABOUT_RETURN_TYPE = YES_ERROR;
				GCC_WARN_UNDECLARED_SELECTOR = YES;
				GCC_WARN_UNINITIALIZED_AUTOS = YES_AGGRESSIVE;
				GCC_WARN_UNUSED_FUNCTION = YES;
				GCC_WARN_UNUSED_VARIABLE = YES;
				IPHONEOS_DEPLOYMENT_TARGET = 12.0;
				MTL_ENABLE_DEBUG_INFO = NO;
				SDKROOT = iphoneos;
				SWIFT_COMPILATION_MODE = wholemodule;
				SWIFT_OPTIMIZATION_LEVEL = "-O";
				VALIDATE_PRODUCT = YES;
			};
			name = Release;
		};
		628FDC9D20F3858F004F52CF /* Debug */ = {
			isa = XCBuildConfiguration;
			buildSettings = {
				ASSETCATALOG_COMPILER_APPICON_NAME = AppIcon;
				CODE_SIGN_STYLE = Automatic;
				DEVELOPMENT_TEAM = V3WEN3K4CT;
				INFOPLIST_FILE = SampleProject/Info.plist;
				LD_RUNPATH_SEARCH_PATHS = (
					"$(inherited)",
					"@executable_path/Frameworks",
				);
				PRODUCT_BUNDLE_IDENTIFIER = SV.SampleProject;
				PRODUCT_NAME = "$(TARGET_NAME)";
				SWIFT_VERSION = 4.2;
				TARGETED_DEVICE_FAMILY = "1,2";
			};
			name = Debug;
		};
		628FDC9E20F3858F004F52CF /* Release */ = {
			isa = XCBuildConfiguration;
			buildSettings = {
				ASSETCATALOG_COMPILER_APPICON_NAME = AppIcon;
				CODE_SIGN_STYLE = Automatic;
				DEVELOPMENT_TEAM = V3WEN3K4CT;
				INFOPLIST_FILE = SampleProject/Info.plist;
				LD_RUNPATH_SEARCH_PATHS = (
					"$(inherited)",
					"@executable_path/Frameworks",
				);
				PRODUCT_BUNDLE_IDENTIFIER = SV.SampleProject;
				PRODUCT_NAME = "$(TARGET_NAME)";
				SWIFT_VERSION = 4.2;
				TARGETED_DEVICE_FAMILY = "1,2";
			};
			name = Release;
		};
		628FDCA020F3858F004F52CF /* Debug */ = {
			isa = XCBuildConfiguration;
			buildSettings = {
				ALWAYS_EMBED_SWIFT_STANDARD_LIBRARIES = YES;
				BUNDLE_LOADER = "$(TEST_HOST)";
				CODE_SIGN_STYLE = Automatic;
				DEVELOPMENT_TEAM = V3WEN3K4CT;
				INFOPLIST_FILE = SampleProjectTests/Info.plist;
				LD_RUNPATH_SEARCH_PATHS = (
					"$(inherited)",
					"@executable_path/Frameworks",
					"@loader_path/Frameworks",
				);
				PRODUCT_BUNDLE_IDENTIFIER = SV.SampleProjectTests;
				PRODUCT_NAME = "$(TARGET_NAME)";
				SWIFT_VERSION = 4.2;
				TARGETED_DEVICE_FAMILY = "1,2";
				TEST_HOST = "$(BUILT_PRODUCTS_DIR)/SampleProject.app/SampleProject";
			};
			name = Debug;
		};
		628FDCA120F3858F004F52CF /* Release */ = {
			isa = XCBuildConfiguration;
			buildSettings = {
				ALWAYS_EMBED_SWIFT_STANDARD_LIBRARIES = YES;
				BUNDLE_LOADER = "$(TEST_HOST)";
				CODE_SIGN_STYLE = Automatic;
				DEVELOPMENT_TEAM = V3WEN3K4CT;
				INFOPLIST_FILE = SampleProjectTests/Info.plist;
				LD_RUNPATH_SEARCH_PATHS = (
					"$(inherited)",
					"@executable_path/Frameworks",
					"@loader_path/Frameworks",
				);
				PRODUCT_BUNDLE_IDENTIFIER = SV.SampleProjectTests;
				PRODUCT_NAME = "$(TARGET_NAME)";
				SWIFT_VERSION = 4.2;
				TARGETED_DEVICE_FAMILY = "1,2";
				TEST_HOST = "$(BUILT_PRODUCTS_DIR)/SampleProject.app/SampleProject";
			};
			name = Release;
		};
/* End XCBuildConfiguration section */

/* Begin XCConfigurationList section */
		628FDC7A20F3858C004F52CF /* Build configuration list for PBXProject "SampleProject" */ = {
			isa = XCConfigurationList;
			buildConfigurations = (
				628FDC9A20F3858F004F52CF /* Debug */,
				628FDC9B20F3858F004F52CF /* Release */,
			);
			defaultConfigurationIsVisible = 0;
			defaultConfigurationName = Release;
		};
		628FDC9C20F3858F004F52CF /* Build configuration list for PBXNativeTarget "SampleProject" */ = {
			isa = XCConfigurationList;
			buildConfigurations = (
				628FDC9D20F3858F004F52CF /* Debug */,
				628FDC9E20F3858F004F52CF /* Release */,
			);
			defaultConfigurationIsVisible = 0;
			defaultConfigurationName = Release;
		};
		628FDC9F20F3858F004F52CF /* Build configuration list for PBXNativeTarget "SampleProjectTests" */ = {
			isa = XCConfigurationList;
			buildConfigurations = (
				628FDCA020F3858F004F52CF /* Debug */,
				628FDCA120F3858F004F52CF /* Release */,
			);
			defaultConfigurationIsVisible = 0;
			defaultConfigurationName = Release;
		};
/* End XCConfigurationList section */
	};
	rootObject = 628FDC7720F3858C004F52CF /* Project object */;
}
